// !$*UTF8*$!
{
	archiveVersion = 1;
	classes = {
	};
	objectVersion = 55;
	objects = {

/* Begin PBXBuildFile section */
		17258B4428627A7F005CCCFA /* TeamDetailsVC.swift in Sources */ = {isa = PBXBuildFile; fileRef = 17258B4328627A7F005CCCFA /* TeamDetailsVC.swift */; };
		17258B4628627F23005CCCFA /* LeaguesContracts.swift in Sources */ = {isa = PBXBuildFile; fileRef = 17258B4528627F23005CCCFA /* LeaguesContracts.swift */; };
		1726D06C2863CCFB00A32ADF /* CoreDataManager.swift in Sources */ = {isa = PBXBuildFile; fileRef = 1726D06B2863CCFB00A32ADF /* CoreDataManager.swift */; };
		1726D0752863DEB200A32ADF /* FavouriteTableViewController.swift in Sources */ = {isa = PBXBuildFile; fileRef = 1726D0742863DEB200A32ADF /* FavouriteTableViewController.swift */; };
		1726D0772863DEF500A32ADF /* FavouriteTableViewCell.swift in Sources */ = {isa = PBXBuildFile; fileRef = 1726D0762863DEF500A32ADF /* FavouriteTableViewCell.swift */; };
		1726D07C2863E3F400A32ADF /* FavouritePresenter.swift in Sources */ = {isa = PBXBuildFile; fileRef = 1726D07B2863E3F400A32ADF /* FavouritePresenter.swift */; };
		172842DF2861952B008C590C /* LastestCollectionViewCell.xib in Resources */ = {isa = PBXBuildFile; fileRef = 172842DD2861952B008C590C /* LastestCollectionViewCell.xib */; };
		172842E428619572008C590C /* upcomingCollectionViewCell.xib in Resources */ = {isa = PBXBuildFile; fileRef = 172842E228619572008C590C /* upcomingCollectionViewCell.xib */; };
		172842E8286195B6008C590C /* TeamsCollectionViewCell.swift in Sources */ = {isa = PBXBuildFile; fileRef = 172842E6286195B6008C590C /* TeamsCollectionViewCell.swift */; };
		172842E9286195B6008C590C /* TeamsCollectionViewCell.xib in Resources */ = {isa = PBXBuildFile; fileRef = 172842E7286195B6008C590C /* TeamsCollectionViewCell.xib */; };
		172842EC28625C31008C590C /* Collections.swift in Sources */ = {isa = PBXBuildFile; fileRef = 172842EB28625C31008C590C /* Collections.swift */; };
		17546CB228627FE700F496CA /* LeaguesModelController.swift in Sources */ = {isa = PBXBuildFile; fileRef = 17546CB128627FE700F496CA /* LeaguesModelController.swift */; };
		17546CB428628D4900F496CA /* LeaguesPresenter.swift in Sources */ = {isa = PBXBuildFile; fileRef = 17546CB328628D4900F496CA /* LeaguesPresenter.swift */; };
		17546CBB2862992E00F496CA /* TeamDetailsScreenContract.swift in Sources */ = {isa = PBXBuildFile; fileRef = 17546CBA2862992E00F496CA /* TeamDetailsScreenContract.swift */; };
		17546CBD28629B5300F496CA /* UpcomingEventsPresenter.swift in Sources */ = {isa = PBXBuildFile; fileRef = 17546CBC28629B5300F496CA /* UpcomingEventsPresenter.swift */; };
		17546CBF28629D0A00F496CA /* UpcomingEventssModelController.swift in Sources */ = {isa = PBXBuildFile; fileRef = 17546CBE28629D0A00F496CA /* UpcomingEventssModelController.swift */; };
		17546CC62862A0D200F496CA /* TeamsContracts.swift in Sources */ = {isa = PBXBuildFile; fileRef = 17546CC52862A0D200F496CA /* TeamsContracts.swift */; };
		17546CCC2862A13D00F496CA /* Teams.swift in Sources */ = {isa = PBXBuildFile; fileRef = 17546CCB2862A13D00F496CA /* Teams.swift */; };
		17546CD22862FF8400F496CA /* WebViewController.swift in Sources */ = {isa = PBXBuildFile; fileRef = 17546CD12862FF8400F496CA /* WebViewController.swift */; };
		179096862864312C0095B840 /* Favourite Screen Contract.swift in Sources */ = {isa = PBXBuildFile; fileRef = 179096852864312C0095B840 /* Favourite Screen Contract.swift */; };
		179096882864315A0095B840 /* FavouriteModelController.swift in Sources */ = {isa = PBXBuildFile; fileRef = 179096872864315A0095B840 /* FavouriteModelController.swift */; };
		1790968B286439750095B840 /* Team.swift in Sources */ = {isa = PBXBuildFile; fileRef = 1790968A286439750095B840 /* Team.swift */; };
		1790968F2864402A0095B840 /* UpcomingEventsContracts.swift in Sources */ = {isa = PBXBuildFile; fileRef = 1790968E2864402A0095B840 /* UpcomingEventsContracts.swift */; };
		17909692286440430095B840 /* LatestEventsContracts.swift in Sources */ = {isa = PBXBuildFile; fileRef = 17909691286440430095B840 /* LatestEventsContracts.swift */; };
		179096942864425F0095B840 /* TeamsPresenter.swift in Sources */ = {isa = PBXBuildFile; fileRef = 179096932864425F0095B840 /* TeamsPresenter.swift */; };
		1790969D286445040095B840 /* LatestPresenter.swift in Sources */ = {isa = PBXBuildFile; fileRef = 1790969C286445040095B840 /* LatestPresenter.swift */; };
		1790969F2864454D0095B840 /* LatestModelController.swift in Sources */ = {isa = PBXBuildFile; fileRef = 1790969E2864454D0095B840 /* LatestModelController.swift */; };
		179096A428644DD10095B840 /* TeamsModelController.swift in Sources */ = {isa = PBXBuildFile; fileRef = 179096A328644DD10095B840 /* TeamsModelController.swift */; };
		179096A62864525F0095B840 /* TeamsCell.swift in Sources */ = {isa = PBXBuildFile; fileRef = 179096A52864525F0095B840 /* TeamsCell.swift */; };
		179096A828645FB40095B840 /* Untitled-1-01.png in Resources */ = {isa = PBXBuildFile; fileRef = 179096A728645FB40095B840 /* Untitled-1-01.png */; };
		179096AA28646AFB0095B840 /* upcomingCollectionViewCell.swift in Sources */ = {isa = PBXBuildFile; fileRef = 179096A928646AFB0095B840 /* upcomingCollectionViewCell.swift */; };
		179096AC28646B140095B840 /* LastestCollectionViewCell.swift in Sources */ = {isa = PBXBuildFile; fileRef = 179096AB28646B140095B840 /* LastestCollectionViewCell.swift */; };
		179096AE28646DC20095B840 /* Latest.swift in Sources */ = {isa = PBXBuildFile; fileRef = 179096AD28646DC20095B840 /* Latest.swift */; };
		17AFEA29285FBA700008BE0B /* AppDelegate.swift in Sources */ = {isa = PBXBuildFile; fileRef = 17AFEA28285FBA700008BE0B /* AppDelegate.swift */; };
		17AFEA2B285FBA700008BE0B /* SceneDelegate.swift in Sources */ = {isa = PBXBuildFile; fileRef = 17AFEA2A285FBA700008BE0B /* SceneDelegate.swift */; };
		17AFEA2D285FBA700008BE0B /* MainViewController.swift in Sources */ = {isa = PBXBuildFile; fileRef = 17AFEA2C285FBA700008BE0B /* MainViewController.swift */; };
		17AFEA30285FBA700008BE0B /* Main.storyboard in Resources */ = {isa = PBXBuildFile; fileRef = 17AFEA2E285FBA700008BE0B /* Main.storyboard */; };
		17AFEA33285FBA700008BE0B /* MyFinalSportsApp.xcdatamodeld in Sources */ = {isa = PBXBuildFile; fileRef = 17AFEA31285FBA700008BE0B /* MyFinalSportsApp.xcdatamodeld */; };
		17AFEA35285FBA710008BE0B /* Assets.xcassets in Resources */ = {isa = PBXBuildFile; fileRef = 17AFEA34285FBA710008BE0B /* Assets.xcassets */; };
		17AFEA38285FBA710008BE0B /* LaunchScreen.storyboard in Resources */ = {isa = PBXBuildFile; fileRef = 17AFEA36285FBA710008BE0B /* LaunchScreen.storyboard */; };
		17AFEA45285FCCBD0008BE0B /* Urls.swift in Sources */ = {isa = PBXBuildFile; fileRef = 17AFEA44285FCCBD0008BE0B /* Urls.swift */; };
		17AFEA47285FCCCC0008BE0B /* ApiServices.swift in Sources */ = {isa = PBXBuildFile; fileRef = 17AFEA46285FCCCC0008BE0B /* ApiServices.swift */; };
		17AFEA49285FCCD60008BE0B /* JsonDecoder.swift in Sources */ = {isa = PBXBuildFile; fileRef = 17AFEA48285FCCD60008BE0B /* JsonDecoder.swift */; };
		17AFEA4D285FCD300008BE0B /* Main Screen Contract.swift in Sources */ = {isa = PBXBuildFile; fileRef = 17AFEA4C285FCD300008BE0B /* Main Screen Contract.swift */; };
		17AFEA50285FCD8F0008BE0B /* NetworkManager.swift in Sources */ = {isa = PBXBuildFile; fileRef = 17AFEA4F285FCD8F0008BE0B /* NetworkManager.swift */; };
		17AFEA54285FD4010008BE0B /* MainViewCollectionViewCell.swift in Sources */ = {isa = PBXBuildFile; fileRef = 17AFEA53285FD4010008BE0B /* MainViewCollectionViewCell.swift */; };
		17AFEA56285FD5B00008BE0B /* Sports.swift in Sources */ = {isa = PBXBuildFile; fileRef = 17AFEA55285FD5B00008BE0B /* Sports.swift */; };
		17AFEA59285FD7BB0008BE0B /* MainModelController.swift in Sources */ = {isa = PBXBuildFile; fileRef = 17AFEA58285FD7BB0008BE0B /* MainModelController.swift */; };
		17AFEA5C285FD8C90008BE0B /* MainPresenter.swift in Sources */ = {isa = PBXBuildFile; fileRef = 17AFEA5B285FD8C90008BE0B /* MainPresenter.swift */; };
		17BCFA182860D91100A94244 /* LeagueTableViewController.swift in Sources */ = {isa = PBXBuildFile; fileRef = 17BCFA172860D91100A94244 /* LeagueTableViewController.swift */; };
		17BCFA1B2860D92900A94244 /* LeaguesTableViewCell.swift in Sources */ = {isa = PBXBuildFile; fileRef = 17BCFA192860D92900A94244 /* LeaguesTableViewCell.swift */; };
		17BCFA1C2860D92900A94244 /* LeaguesTableViewCell.xib in Resources */ = {isa = PBXBuildFile; fileRef = 17BCFA1A2860D92900A94244 /* LeaguesTableViewCell.xib */; };
		17BCFA232860FD7800A94244 /* Leagues.swift in Sources */ = {isa = PBXBuildFile; fileRef = 17BCFA222860FD7800A94244 /* Leagues.swift */; };
		17BCFA2928612D8700A94244 /* LeaguesDetailsVC.swift in Sources */ = {isa = PBXBuildFile; fileRef = 17BCFA2828612D8700A94244 /* LeaguesDetailsVC.swift */; };
		17BCFA2B2861357700A94244 /* Events.swift in Sources */ = {isa = PBXBuildFile; fileRef = 17BCFA2A2861357700A94244 /* Events.swift */; };
/* End PBXBuildFile section */

/* Begin PBXFileReference section */
		17258B4328627A7F005CCCFA /* TeamDetailsVC.swift */ = {isa = PBXFileReference; lastKnownFileType = sourcecode.swift; path = TeamDetailsVC.swift; sourceTree = "<group>"; };
		17258B4528627F23005CCCFA /* LeaguesContracts.swift */ = {isa = PBXFileReference; lastKnownFileType = sourcecode.swift; path = LeaguesContracts.swift; sourceTree = "<group>"; };
		1726D06B2863CCFB00A32ADF /* CoreDataManager.swift */ = {isa = PBXFileReference; lastKnownFileType = sourcecode.swift; path = CoreDataManager.swift; sourceTree = "<group>"; };
		1726D0742863DEB200A32ADF /* FavouriteTableViewController.swift */ = {isa = PBXFileReference; lastKnownFileType = sourcecode.swift; path = FavouriteTableViewController.swift; sourceTree = "<group>"; };
		1726D0762863DEF500A32ADF /* FavouriteTableViewCell.swift */ = {isa = PBXFileReference; lastKnownFileType = sourcecode.swift; path = FavouriteTableViewCell.swift; sourceTree = "<group>"; };
		1726D07B2863E3F400A32ADF /* FavouritePresenter.swift */ = {isa = PBXFileReference; lastKnownFileType = sourcecode.swift; path = FavouritePresenter.swift; sourceTree = "<group>"; };
		172842DD2861952B008C590C /* LastestCollectionViewCell.xib */ = {isa = PBXFileReference; lastKnownFileType = file.xib; path = LastestCollectionViewCell.xib; sourceTree = "<group>"; };
		172842E228619572008C590C /* upcomingCollectionViewCell.xib */ = {isa = PBXFileReference; lastKnownFileType = file.xib; path = upcomingCollectionViewCell.xib; sourceTree = "<group>"; };
		172842E6286195B6008C590C /* TeamsCollectionViewCell.swift */ = {isa = PBXFileReference; lastKnownFileType = sourcecode.swift; path = TeamsCollectionViewCell.swift; sourceTree = "<group>"; };
		172842E7286195B6008C590C /* TeamsCollectionViewCell.xib */ = {isa = PBXFileReference; lastKnownFileType = file.xib; path = TeamsCollectionViewCell.xib; sourceTree = "<group>"; };
		172842EB28625C31008C590C /* Collections.swift */ = {isa = PBXFileReference; lastKnownFileType = sourcecode.swift; path = Collections.swift; sourceTree = "<group>"; };
		17546CB128627FE700F496CA /* LeaguesModelController.swift */ = {isa = PBXFileReference; lastKnownFileType = sourcecode.swift; path = LeaguesModelController.swift; sourceTree = "<group>"; };
		17546CB328628D4900F496CA /* LeaguesPresenter.swift */ = {isa = PBXFileReference; lastKnownFileType = sourcecode.swift; path = LeaguesPresenter.swift; sourceTree = "<group>"; };
		17546CBA2862992E00F496CA /* TeamDetailsScreenContract.swift */ = {isa = PBXFileReference; lastKnownFileType = sourcecode.swift; path = TeamDetailsScreenContract.swift; sourceTree = "<group>"; };
		17546CBC28629B5300F496CA /* UpcomingEventsPresenter.swift */ = {isa = PBXFileReference; lastKnownFileType = sourcecode.swift; path = UpcomingEventsPresenter.swift; sourceTree = "<group>"; };
		17546CBE28629D0A00F496CA /* UpcomingEventssModelController.swift */ = {isa = PBXFileReference; lastKnownFileType = sourcecode.swift; path = UpcomingEventssModelController.swift; sourceTree = "<group>"; };
		17546CC52862A0D200F496CA /* TeamsContracts.swift */ = {isa = PBXFileReference; lastKnownFileType = sourcecode.swift; path = TeamsContracts.swift; sourceTree = "<group>"; };
		17546CCB2862A13D00F496CA /* Teams.swift */ = {isa = PBXFileReference; lastKnownFileType = sourcecode.swift; path = Teams.swift; sourceTree = "<group>"; };
		17546CD12862FF8400F496CA /* WebViewController.swift */ = {isa = PBXFileReference; lastKnownFileType = sourcecode.swift; path = WebViewController.swift; sourceTree = "<group>"; };
		179096852864312C0095B840 /* Favourite Screen Contract.swift */ = {isa = PBXFileReference; lastKnownFileType = sourcecode.swift; path = "Favourite Screen Contract.swift"; sourceTree = "<group>"; };
		179096872864315A0095B840 /* FavouriteModelController.swift */ = {isa = PBXFileReference; lastKnownFileType = sourcecode.swift; path = FavouriteModelController.swift; sourceTree = "<group>"; };
		1790968A286439750095B840 /* Team.swift */ = {isa = PBXFileReference; lastKnownFileType = sourcecode.swift; path = Team.swift; sourceTree = "<group>"; };
		1790968E2864402A0095B840 /* UpcomingEventsContracts.swift */ = {isa = PBXFileReference; lastKnownFileType = sourcecode.swift; path = UpcomingEventsContracts.swift; sourceTree = "<group>"; };
		17909691286440430095B840 /* LatestEventsContracts.swift */ = {isa = PBXFileReference; lastKnownFileType = sourcecode.swift; path = LatestEventsContracts.swift; sourceTree = "<group>"; };
		179096932864425F0095B840 /* TeamsPresenter.swift */ = {isa = PBXFileReference; lastKnownFileType = sourcecode.swift; path = TeamsPresenter.swift; sourceTree = "<group>"; };
		1790969C286445040095B840 /* LatestPresenter.swift */ = {isa = PBXFileReference; lastKnownFileType = sourcecode.swift; path = LatestPresenter.swift; sourceTree = "<group>"; };
		1790969E2864454D0095B840 /* LatestModelController.swift */ = {isa = PBXFileReference; lastKnownFileType = sourcecode.swift; path = LatestModelController.swift; sourceTree = "<group>"; };
		179096A328644DD10095B840 /* TeamsModelController.swift */ = {isa = PBXFileReference; lastKnownFileType = sourcecode.swift; path = TeamsModelController.swift; sourceTree = "<group>"; };
		179096A52864525F0095B840 /* TeamsCell.swift */ = {isa = PBXFileReference; lastKnownFileType = sourcecode.swift; path = TeamsCell.swift; sourceTree = "<group>"; };
		179096A728645FB40095B840 /* Untitled-1-01.png */ = {isa = PBXFileReference; lastKnownFileType = image.png; name = "Untitled-1-01.png"; path = "../../../Untitled-1-01.png"; sourceTree = "<group>"; };
		179096A928646AFB0095B840 /* upcomingCollectionViewCell.swift */ = {isa = PBXFileReference; lastKnownFileType = sourcecode.swift; path = upcomingCollectionViewCell.swift; sourceTree = "<group>"; };
		179096AB28646B140095B840 /* LastestCollectionViewCell.swift */ = {isa = PBXFileReference; lastKnownFileType = sourcecode.swift; path = LastestCollectionViewCell.swift; sourceTree = "<group>"; };
		179096AD28646DC20095B840 /* Latest.swift */ = {isa = PBXFileReference; lastKnownFileType = sourcecode.swift; path = Latest.swift; sourceTree = "<group>"; };
		17AFEA25285FBA700008BE0B /* MyFinalSportsApp.app */ = {isa = PBXFileReference; explicitFileType = wrapper.application; includeInIndex = 0; path = MyFinalSportsApp.app; sourceTree = BUILT_PRODUCTS_DIR; };
		17AFEA28285FBA700008BE0B /* AppDelegate.swift */ = {isa = PBXFileReference; lastKnownFileType = sourcecode.swift; path = AppDelegate.swift; sourceTree = "<group>"; };
		17AFEA2A285FBA700008BE0B /* SceneDelegate.swift */ = {isa = PBXFileReference; lastKnownFileType = sourcecode.swift; path = SceneDelegate.swift; sourceTree = "<group>"; };
		17AFEA2C285FBA700008BE0B /* MainViewController.swift */ = {isa = PBXFileReference; lastKnownFileType = sourcecode.swift; path = MainViewController.swift; sourceTree = "<group>"; };
		17AFEA2F285FBA700008BE0B /* Base */ = {isa = PBXFileReference; lastKnownFileType = file.storyboard; name = Base; path = Base.lproj/Main.storyboard; sourceTree = "<group>"; };
		17AFEA32285FBA700008BE0B /* MyFinalSportsApp.xcdatamodel */ = {isa = PBXFileReference; lastKnownFileType = wrapper.xcdatamodel; path = MyFinalSportsApp.xcdatamodel; sourceTree = "<group>"; };
		17AFEA34285FBA710008BE0B /* Assets.xcassets */ = {isa = PBXFileReference; lastKnownFileType = folder.assetcatalog; path = Assets.xcassets; sourceTree = "<group>"; };
		17AFEA37285FBA710008BE0B /* Base */ = {isa = PBXFileReference; lastKnownFileType = file.storyboard; name = Base; path = Base.lproj/LaunchScreen.storyboard; sourceTree = "<group>"; };
		17AFEA39285FBA710008BE0B /* Info.plist */ = {isa = PBXFileReference; lastKnownFileType = text.plist.xml; path = Info.plist; sourceTree = "<group>"; };
		17AFEA44285FCCBD0008BE0B /* Urls.swift */ = {isa = PBXFileReference; lastKnownFileType = sourcecode.swift; path = Urls.swift; sourceTree = "<group>"; };
		17AFEA46285FCCCC0008BE0B /* ApiServices.swift */ = {isa = PBXFileReference; lastKnownFileType = sourcecode.swift; path = ApiServices.swift; sourceTree = "<group>"; };
		17AFEA48285FCCD60008BE0B /* JsonDecoder.swift */ = {isa = PBXFileReference; lastKnownFileType = sourcecode.swift; path = JsonDecoder.swift; sourceTree = "<group>"; };
		17AFEA4C285FCD300008BE0B /* Main Screen Contract.swift */ = {isa = PBXFileReference; lastKnownFileType = sourcecode.swift; path = "Main Screen Contract.swift"; sourceTree = "<group>"; };
		17AFEA4F285FCD8F0008BE0B /* NetworkManager.swift */ = {isa = PBXFileReference; lastKnownFileType = sourcecode.swift; path = NetworkManager.swift; sourceTree = "<group>"; };
		17AFEA53285FD4010008BE0B /* MainViewCollectionViewCell.swift */ = {isa = PBXFileReference; lastKnownFileType = sourcecode.swift; path = MainViewCollectionViewCell.swift; sourceTree = "<group>"; };
		17AFEA55285FD5B00008BE0B /* Sports.swift */ = {isa = PBXFileReference; lastKnownFileType = sourcecode.swift; path = Sports.swift; sourceTree = "<group>"; };
		17AFEA58285FD7BB0008BE0B /* MainModelController.swift */ = {isa = PBXFileReference; lastKnownFileType = sourcecode.swift; path = MainModelController.swift; sourceTree = "<group>"; };
		17AFEA5B285FD8C90008BE0B /* MainPresenter.swift */ = {isa = PBXFileReference; lastKnownFileType = sourcecode.swift; path = MainPresenter.swift; sourceTree = "<group>"; };
		17BCFA172860D91100A94244 /* LeagueTableViewController.swift */ = {isa = PBXFileReference; lastKnownFileType = sourcecode.swift; path = LeagueTableViewController.swift; sourceTree = "<group>"; };
		17BCFA192860D92900A94244 /* LeaguesTableViewCell.swift */ = {isa = PBXFileReference; lastKnownFileType = sourcecode.swift; path = LeaguesTableViewCell.swift; sourceTree = "<group>"; };
		17BCFA1A2860D92900A94244 /* LeaguesTableViewCell.xib */ = {isa = PBXFileReference; lastKnownFileType = file.xib; path = LeaguesTableViewCell.xib; sourceTree = "<group>"; };
		17BCFA222860FD7800A94244 /* Leagues.swift */ = {isa = PBXFileReference; lastKnownFileType = sourcecode.swift; path = Leagues.swift; sourceTree = "<group>"; };
		17BCFA2828612D8700A94244 /* LeaguesDetailsVC.swift */ = {isa = PBXFileReference; lastKnownFileType = sourcecode.swift; path = LeaguesDetailsVC.swift; sourceTree = "<group>"; };
		17BCFA2A2861357700A94244 /* Events.swift */ = {isa = PBXFileReference; lastKnownFileType = sourcecode.swift; path = Events.swift; sourceTree = "<group>"; };
/* End PBXFileReference section */

/* Begin PBXFrameworksBuildPhase section */
		17AFEA22285FBA700008BE0B /* Frameworks */ = {
			isa = PBXFrameworksBuildPhase;
			buildActionMask = 2147483647;
			files = (
			);
			runOnlyForDeploymentPostprocessing = 0;
		};
/* End PBXFrameworksBuildPhase section */

/* Begin PBXGroup section */
		17258B4228627A66005CCCFA /* Team Details Modules */ = {
			isa = PBXGroup;
			children = (
				17546CC32862A08200F496CA /* View + View Controller */,
				17546CC22862A07E00F496CA /* Presenter */,
				17546CC12862A07B00F496CA /* Model Controller */,
				17546CC02862A07300F496CA /* Model For Teams */,
			);
			path = "Team Details Modules";
			sourceTree = "<group>";
		};
		1726D06A2863CCE100A32ADF /* CoreData */ = {
			isa = PBXGroup;
			children = (
				17AFEA31285FBA700008BE0B /* MyFinalSportsApp.xcdatamodeld */,
				1726D06B2863CCFB00A32ADF /* CoreDataManager.swift */,
			);
			path = CoreData;
			sourceTree = "<group>";
		};
		1726D06D2863D2A800A32ADF /* Favourite Screen */ = {
			isa = PBXGroup;
			children = (
				1726D07A2863E19200A32ADF /* Favourite Contracts */,
				1726D0792863E17D00A32ADF /* Presenter */,
				1726D0782863E16F00A32ADF /* View Controller */,
				179096892864316C0095B840 /* ModelController */,
			);
			path = "Favourite Screen";
			sourceTree = "<group>";
		};
		1726D0782863E16F00A32ADF /* View Controller */ = {
			isa = PBXGroup;
			children = (
				1726D0742863DEB200A32ADF /* FavouriteTableViewController.swift */,
				1726D0762863DEF500A32ADF /* FavouriteTableViewCell.swift */,
			);
			path = "View Controller";
			sourceTree = "<group>";
		};
		1726D0792863E17D00A32ADF /* Presenter */ = {
			isa = PBXGroup;
			children = (
				1726D07B2863E3F400A32ADF /* FavouritePresenter.swift */,
			);
			path = Presenter;
			sourceTree = "<group>";
		};
		1726D07A2863E19200A32ADF /* Favourite Contracts */ = {
			isa = PBXGroup;
			children = (
				179096852864312C0095B840 /* Favourite Screen Contract.swift */,
			);
			path = "Favourite Contracts";
			sourceTree = "<group>";
		};
		172842DB28619514008C590C /* Latest */ = {
			isa = PBXGroup;
			children = (
				179096AB28646B140095B840 /* LastestCollectionViewCell.swift */,
			);
			path = Latest;
			sourceTree = "<group>";
		};
		172842E028619562008C590C /* Upcoming */ = {
			isa = PBXGroup;
			children = (
				179096A928646AFB0095B840 /* upcomingCollectionViewCell.swift */,
			);
			path = Upcoming;
			sourceTree = "<group>";
		};
		172842E52861959E008C590C /* Teams */ = {
			isa = PBXGroup;
			children = (
				179096A52864525F0095B840 /* TeamsCell.swift */,
			);
			path = Teams;
			sourceTree = "<group>";
		};
		172842EA28625C10008C590C /* HandlingAllCollections */ = {
			isa = PBXGroup;
			children = (
				172842EB28625C31008C590C /* Collections.swift */,
			);
			path = HandlingAllCollections;
			sourceTree = "<group>";
		};
		17546CB028627FC200F496CA /* Model Controller */ = {
			isa = PBXGroup;
			children = (
				17546CB128627FE700F496CA /* LeaguesModelController.swift */,
			);
			path = "Model Controller";
			sourceTree = "<group>";
		};
		17546CB52862981C00F496CA /* View + View Controller */ = {
			isa = PBXGroup;
			children = (
				17BCFA2828612D8700A94244 /* LeaguesDetailsVC.swift */,
				172842E52861959E008C590C /* Teams */,
				172842E028619562008C590C /* Upcoming */,
				172842DB28619514008C590C /* Latest */,
				172842EA28625C10008C590C /* HandlingAllCollections */,
			);
			path = "View + View Controller";
			sourceTree = "<group>";
		};
		17546CB62862986700F496CA /* UpcomingEventContracts */ = {
			isa = PBXGroup;
			children = (
				1790968E2864402A0095B840 /* UpcomingEventsContracts.swift */,
			);
			path = UpcomingEventContracts;
			sourceTree = "<group>";
		};
		17546CB72862988200F496CA /* Presenter */ = {
			isa = PBXGroup;
			children = (
				1790969B286444DC0095B840 /* LatestPresenter */,
				1790969A286444BC0095B840 /* TeamsPresenter */,
				17909699286444A70095B840 /* UpcomingEventsPresenter */,
			);
			path = Presenter;
			sourceTree = "<group>";
		};
		17546CB82862988D00F496CA /* Model Controller */ = {
			isa = PBXGroup;
			children = (
				179096A0286445700095B840 /* Upcoming */,
				179096A12864457C0095B840 /* Teams */,
				179096A22864458B0095B840 /* Latest */,
			);
			path = "Model Controller";
			sourceTree = "<group>";
		};
		17546CB92862989900F496CA /* Model For League Details */ = {
			isa = PBXGroup;
			children = (
				1790968A286439750095B840 /* Team.swift */,
				17BCFA2A2861357700A94244 /* Events.swift */,
				179096AD28646DC20095B840 /* Latest.swift */,
			);
			path = "Model For League Details";
			sourceTree = "<group>";
		};
		17546CC02862A07300F496CA /* Model For Teams */ = {
			isa = PBXGroup;
			children = (
				17546CCB2862A13D00F496CA /* Teams.swift */,
			);
			path = "Model For Teams";
			sourceTree = "<group>";
		};
		17546CC12862A07B00F496CA /* Model Controller */ = {
			isa = PBXGroup;
			children = (
			);
			path = "Model Controller";
			sourceTree = "<group>";
		};
		17546CC22862A07E00F496CA /* Presenter */ = {
			isa = PBXGroup;
			children = (
			);
			path = Presenter;
			sourceTree = "<group>";
		};
		17546CC32862A08200F496CA /* View + View Controller */ = {
			isa = PBXGroup;
			children = (
				17258B4328627A7F005CCCFA /* TeamDetailsVC.swift */,
			);
			path = "View + View Controller";
			sourceTree = "<group>";
		};
		17546CC42862A08500F496CA /* Teams Contracts */ = {
			isa = PBXGroup;
			children = (
				17546CC52862A0D200F496CA /* TeamsContracts.swift */,
			);
			path = "Teams Contracts";
			sourceTree = "<group>";
		};
		179096892864316C0095B840 /* ModelController */ = {
			isa = PBXGroup;
			children = (
				179096872864315A0095B840 /* FavouriteModelController.swift */,
			);
			path = ModelController;
			sourceTree = "<group>";
		};
		17909695286444260095B840 /* Contracts */ = {
			isa = PBXGroup;
			children = (
				17909696286444560095B840 /* LatestContracts */,
				17546CC42862A08500F496CA /* Teams Contracts */,
				17546CB62862986700F496CA /* UpcomingEventContracts */,
			);
			path = Contracts;
			sourceTree = "<group>";
		};
		17909696286444560095B840 /* LatestContracts */ = {
			isa = PBXGroup;
			children = (
				17909691286440430095B840 /* LatestEventsContracts.swift */,
			);
			path = LatestContracts;
			sourceTree = "<group>";
		};
		17909699286444A70095B840 /* UpcomingEventsPresenter */ = {
			isa = PBXGroup;
			children = (
				17546CBC28629B5300F496CA /* UpcomingEventsPresenter.swift */,
			);
			path = UpcomingEventsPresenter;
			sourceTree = "<group>";
		};
		1790969A286444BC0095B840 /* TeamsPresenter */ = {
			isa = PBXGroup;
			children = (
				179096932864425F0095B840 /* TeamsPresenter.swift */,
			);
			path = TeamsPresenter;
			sourceTree = "<group>";
		};
		1790969B286444DC0095B840 /* LatestPresenter */ = {
			isa = PBXGroup;
			children = (
				1790969C286445040095B840 /* LatestPresenter.swift */,
			);
			path = LatestPresenter;
			sourceTree = "<group>";
		};
		179096A0286445700095B840 /* Upcoming */ = {
			isa = PBXGroup;
			children = (
				17546CBE28629D0A00F496CA /* UpcomingEventssModelController.swift */,
			);
			path = Upcoming;
			sourceTree = "<group>";
		};
		179096A12864457C0095B840 /* Teams */ = {
			isa = PBXGroup;
			children = (
				179096A328644DD10095B840 /* TeamsModelController.swift */,
			);
			path = Teams;
			sourceTree = "<group>";
		};
		179096A22864458B0095B840 /* Latest */ = {
			isa = PBXGroup;
			children = (
				1790969E2864454D0095B840 /* LatestModelController.swift */,
			);
			path = Latest;
			sourceTree = "<group>";
		};
		17AFEA1C285FBA700008BE0B = {
			isa = PBXGroup;
			children = (
				17AFEA27285FBA700008BE0B /* MyFinalSportsApp */,
				17546CD12862FF8400F496CA /* WebViewController.swift */,
				17546CBA2862992E00F496CA /* TeamDetailsScreenContract.swift */,
				1726D06D2863D2A800A32ADF /* Favourite Screen */,
				172842E7286195B6008C590C /* TeamsCollectionViewCell.xib */,
				172842E228619572008C590C /* upcomingCollectionViewCell.xib */,
				172842DD2861952B008C590C /* LastestCollectionViewCell.xib */,
				172842E6286195B6008C590C /* TeamsCollectionViewCell.swift */,
				179096A728645FB40095B840 /* Untitled-1-01.png */,
				17AFEA26285FBA700008BE0B /* Products */,
			);
			sourceTree = "<group>";
		};
		17AFEA26285FBA700008BE0B /* Products */ = {
			isa = PBXGroup;
			children = (
				17AFEA25285FBA700008BE0B /* MyFinalSportsApp.app */,
			);
			name = Products;
			sourceTree = "<group>";
		};
		17AFEA27285FBA700008BE0B /* MyFinalSportsApp */ = {
			isa = PBXGroup;
			children = (
				17AFEA4E285FCD660008BE0B /* Network Services */,
				17AFEA42285FC8D60008BE0B /* Main Screen Module */,
				17BCFA122860D88600A94244 /* Leagues Module */,
				17AFEA2E285FBA700008BE0B /* Main.storyboard */,
				17AFEA28285FBA700008BE0B /* AppDelegate.swift */,
				17AFEA2A285FBA700008BE0B /* SceneDelegate.swift */,
				17AFEA34285FBA710008BE0B /* Assets.xcassets */,
				17AFEA36285FBA710008BE0B /* LaunchScreen.storyboard */,
				17AFEA39285FBA710008BE0B /* Info.plist */,
				1726D06A2863CCE100A32ADF /* CoreData */,
				17BCFA2728612D4A00A94244 /* LeaguesDetailsViewController */,
				17258B4228627A66005CCCFA /* Team Details Modules */,
			);
			path = MyFinalSportsApp;
			sourceTree = "<group>";
		};
		17AFEA3F285FC8CB0008BE0B /* ApiServices */ = {
			isa = PBXGroup;
			children = (
				17AFEA44285FCCBD0008BE0B /* Urls.swift */,
				17AFEA46285FCCCC0008BE0B /* ApiServices.swift */,
			);
			path = ApiServices;
			sourceTree = "<group>";
		};
		17AFEA40285FC8CE0008BE0B /* Utilitis */ = {
			isa = PBXGroup;
			children = (
				17AFEA48285FCCD60008BE0B /* JsonDecoder.swift */,
			);
			path = Utilitis;
			sourceTree = "<group>";
		};
		17AFEA41285FC8D20008BE0B /* Model For Sports */ = {
			isa = PBXGroup;
			children = (
				17AFEA55285FD5B00008BE0B /* Sports.swift */,
			);
			path = "Model For Sports";
			sourceTree = "<group>";
		};
		17AFEA42285FC8D60008BE0B /* Main Screen Module */ = {
			isa = PBXGroup;
			children = (
				17AFEA4B285FCD100008BE0B /* Main Screen Contracts */,
				17AFEA4A285FCCE40008BE0B /* View + View Controller */,
				17AFEA57285FD7040008BE0B /* Presenter */,
				17AFEA5A285FD7C90008BE0B /* ModelController */,
				17AFEA41285FC8D20008BE0B /* Model For Sports */,
			);
			path = "Main Screen Module";
			sourceTree = "<group>";
		};
		17AFEA43285FC9150008BE0B /* NetworkManager */ = {
			isa = PBXGroup;
			children = (
				17AFEA4F285FCD8F0008BE0B /* NetworkManager.swift */,
			);
			path = NetworkManager;
			sourceTree = "<group>";
		};
		17AFEA4A285FCCE40008BE0B /* View + View Controller */ = {
			isa = PBXGroup;
			children = (
				17AFEA2C285FBA700008BE0B /* MainViewController.swift */,
				17AFEA53285FD4010008BE0B /* MainViewCollectionViewCell.swift */,
			);
			path = "View + View Controller";
			sourceTree = "<group>";
		};
		17AFEA4B285FCD100008BE0B /* Main Screen Contracts */ = {
			isa = PBXGroup;
			children = (
				17AFEA4C285FCD300008BE0B /* Main Screen Contract.swift */,
			);
			path = "Main Screen Contracts";
			sourceTree = "<group>";
		};
		17AFEA4E285FCD660008BE0B /* Network Services */ = {
			isa = PBXGroup;
			children = (
				17AFEA40285FC8CE0008BE0B /* Utilitis */,
				17AFEA3F285FC8CB0008BE0B /* ApiServices */,
				17AFEA43285FC9150008BE0B /* NetworkManager */,
			);
			path = "Network Services";
			sourceTree = "<group>";
		};
		17AFEA57285FD7040008BE0B /* Presenter */ = {
			isa = PBXGroup;
			children = (
				17AFEA5B285FD8C90008BE0B /* MainPresenter.swift */,
			);
			path = Presenter;
			sourceTree = "<group>";
		};
		17AFEA5A285FD7C90008BE0B /* ModelController */ = {
			isa = PBXGroup;
			children = (
				17AFEA58285FD7BB0008BE0B /* MainModelController.swift */,
			);
			path = ModelController;
			sourceTree = "<group>";
		};
		17BCFA122860D88600A94244 /* Leagues Module */ = {
			isa = PBXGroup;
			children = (
				17BCFA202860DA1B00A94244 /* League View Contracts */,
				17BCFA1F2860DA1900A94244 /* View + View Controller */,
				17BCFA1E2860DA1600A94244 /* Presenter */,
				17546CB028627FC200F496CA /* Model Controller */,
				17BCFA212860FD5900A94244 /* Model For Leagues */,
			);
			path = "Leagues Module";
			sourceTree = "<group>";
		};
		17BCFA1E2860DA1600A94244 /* Presenter */ = {
			isa = PBXGroup;
			children = (
				17546CB328628D4900F496CA /* LeaguesPresenter.swift */,
			);
			path = Presenter;
			sourceTree = "<group>";
		};
		17BCFA1F2860DA1900A94244 /* View + View Controller */ = {
			isa = PBXGroup;
			children = (
				17BCFA172860D91100A94244 /* LeagueTableViewController.swift */,
				17BCFA192860D92900A94244 /* LeaguesTableViewCell.swift */,
				17BCFA1A2860D92900A94244 /* LeaguesTableViewCell.xib */,
			);
			path = "View + View Controller";
			sourceTree = "<group>";
		};
		17BCFA202860DA1B00A94244 /* League View Contracts */ = {
			isa = PBXGroup;
			children = (
				17258B4528627F23005CCCFA /* LeaguesContracts.swift */,
			);
			path = "League View Contracts";
			sourceTree = "<group>";
		};
		17BCFA212860FD5900A94244 /* Model For Leagues */ = {
			isa = PBXGroup;
			children = (
				17BCFA222860FD7800A94244 /* Leagues.swift */,
			);
			path = "Model For Leagues";
			sourceTree = "<group>";
		};
		17BCFA2728612D4A00A94244 /* LeaguesDetailsViewController */ = {
			isa = PBXGroup;
			children = (
				17909695286444260095B840 /* Contracts */,
				17546CB52862981C00F496CA /* View + View Controller */,
				17546CB72862988200F496CA /* Presenter */,
				17546CB82862988D00F496CA /* Model Controller */,
				17546CB92862989900F496CA /* Model For League Details */,
			);
			path = LeaguesDetailsViewController;
			sourceTree = "<group>";
		};
/* End PBXGroup section */

/* Begin PBXNativeTarget section */
		17AFEA24285FBA700008BE0B /* MyFinalSportsApp */ = {
			isa = PBXNativeTarget;
			buildConfigurationList = 17AFEA3C285FBA710008BE0B /* Build configuration list for PBXNativeTarget "MyFinalSportsApp" */;
			buildPhases = (
				17AFEA21285FBA700008BE0B /* Sources */,
				17AFEA22285FBA700008BE0B /* Frameworks */,
				17AFEA23285FBA700008BE0B /* Resources */,
			);
			buildRules = (
			);
			dependencies = (
			);
			name = MyFinalSportsApp;
			productName = MyFinalSportsApp;
			productReference = 17AFEA25285FBA700008BE0B /* MyFinalSportsApp.app */;
			productType = "com.apple.product-type.application";
		};
/* End PBXNativeTarget section */

/* Begin PBXProject section */
		17AFEA1D285FBA700008BE0B /* Project object */ = {
			isa = PBXProject;
			attributes = {
				BuildIndependentTargetsInParallel = 1;
				LastSwiftUpdateCheck = 1340;
				LastUpgradeCheck = 1340;
				TargetAttributes = {
					17AFEA24285FBA700008BE0B = {
						CreatedOnToolsVersion = 13.4.1;
					};
				};
			};
			buildConfigurationList = 17AFEA20285FBA700008BE0B /* Build configuration list for PBXProject "MyFinalSportsApp" */;
			compatibilityVersion = "Xcode 13.0";
			developmentRegion = en;
			hasScannedForEncodings = 0;
			knownRegions = (
				en,
				Base,
			);
			mainGroup = 17AFEA1C285FBA700008BE0B;
			productRefGroup = 17AFEA26285FBA700008BE0B /* Products */;
			projectDirPath = "";
			projectRoot = "";
			targets = (
				17AFEA24285FBA700008BE0B /* MyFinalSportsApp */,
			);
		};
/* End PBXProject section */

/* Begin PBXResourcesBuildPhase section */
		17AFEA23285FBA700008BE0B /* Resources */ = {
			isa = PBXResourcesBuildPhase;
			buildActionMask = 2147483647;
			files = (
				172842E9286195B6008C590C /* TeamsCollectionViewCell.xib in Resources */,
				179096A828645FB40095B840 /* Untitled-1-01.png in Resources */,
				17AFEA38285FBA710008BE0B /* LaunchScreen.storyboard in Resources */,
				17AFEA35285FBA710008BE0B /* Assets.xcassets in Resources */,
				17AFEA30285FBA700008BE0B /* Main.storyboard in Resources */,
				17BCFA1C2860D92900A94244 /* LeaguesTableViewCell.xib in Resources */,
				172842DF2861952B008C590C /* LastestCollectionViewCell.xib in Resources */,
				172842E428619572008C590C /* upcomingCollectionViewCell.xib in Resources */,
			);
			runOnlyForDeploymentPostprocessing = 0;
		};
/* End PBXResourcesBuildPhase section */

/* Begin PBXSourcesBuildPhase section */
		17AFEA21285FBA700008BE0B /* Sources */ = {
			isa = PBXSourcesBuildPhase;
			buildActionMask = 2147483647;
			files = (
				179096A62864525F0095B840 /* TeamsCell.swift in Sources */,
				179096A428644DD10095B840 /* TeamsModelController.swift in Sources */,
				17AFEA59285FD7BB0008BE0B /* MainModelController.swift in Sources */,
				1726D0772863DEF500A32ADF /* FavouriteTableViewCell.swift in Sources */,
				179096AA28646AFB0095B840 /* upcomingCollectionViewCell.swift in Sources */,
				17546CBB2862992E00F496CA /* TeamDetailsScreenContract.swift in Sources */,
				17AFEA49285FCCD60008BE0B /* JsonDecoder.swift in Sources */,
				17AFEA47285FCCCC0008BE0B /* ApiServices.swift in Sources */,
				17546CBF28629D0A00F496CA /* UpcomingEventssModelController.swift in Sources */,
				1790968B286439750095B840 /* Team.swift in Sources */,
				1726D06C2863CCFB00A32ADF /* CoreDataManager.swift in Sources */,
				179096AE28646DC20095B840 /* Latest.swift in Sources */,
				17AFEA54285FD4010008BE0B /* MainViewCollectionViewCell.swift in Sources */,
				17BCFA2B2861357700A94244 /* Events.swift in Sources */,
				17BCFA232860FD7800A94244 /* Leagues.swift in Sources */,
				17258B4628627F23005CCCFA /* LeaguesContracts.swift in Sources */,
				179096AC28646B140095B840 /* LastestCollectionViewCell.swift in Sources */,
				17AFEA2D285FBA700008BE0B /* MainViewController.swift in Sources */,
				1790968F2864402A0095B840 /* UpcomingEventsContracts.swift in Sources */,
				17AFEA5C285FD8C90008BE0B /* MainPresenter.swift in Sources */,
				17AFEA33285FBA700008BE0B /* MyFinalSportsApp.xcdatamodeld in Sources */,
				17546CC62862A0D200F496CA /* TeamsContracts.swift in Sources */,
				17BCFA182860D91100A94244 /* LeagueTableViewController.swift in Sources */,
				179096862864312C0095B840 /* Favourite Screen Contract.swift in Sources */,
				17909692286440430095B840 /* LatestEventsContracts.swift in Sources */,
				17AFEA50285FCD8F0008BE0B /* NetworkManager.swift in Sources */,
				1790969F2864454D0095B840 /* LatestModelController.swift in Sources */,
				17546CD22862FF8400F496CA /* WebViewController.swift in Sources */,
				179096882864315A0095B840 /* FavouriteModelController.swift in Sources */,
				17AFEA29285FBA700008BE0B /* AppDelegate.swift in Sources */,
				17AFEA4D285FCD300008BE0B /* Main Screen Contract.swift in Sources */,
				1726D07C2863E3F400A32ADF /* FavouritePresenter.swift in Sources */,
				17BCFA2928612D8700A94244 /* LeaguesDetailsVC.swift in Sources */,
				17AFEA2B285FBA700008BE0B /* SceneDelegate.swift in Sources */,
				17258B4428627A7F005CCCFA /* TeamDetailsVC.swift in Sources */,
				1726D0752863DEB200A32ADF /* FavouriteTableViewController.swift in Sources */,
				17546CB228627FE700F496CA /* LeaguesModelController.swift in Sources */,
				17546CBD28629B5300F496CA /* UpcomingEventsPresenter.swift in Sources */,
				17546CB428628D4900F496CA /* LeaguesPresenter.swift in Sources */,
				17AFEA56285FD5B00008BE0B /* Sports.swift in Sources */,
				179096942864425F0095B840 /* TeamsPresenter.swift in Sources */,
				17BCFA1B2860D92900A94244 /* LeaguesTableViewCell.swift in Sources */,
				172842EC28625C31008C590C /* Collections.swift in Sources */,
				17AFEA45285FCCBD0008BE0B /* Urls.swift in Sources */,
				17546CCC2862A13D00F496CA /* Teams.swift in Sources */,
				172842E8286195B6008C590C /* TeamsCollectionViewCell.swift in Sources */,
				1790969D286445040095B840 /* LatestPresenter.swift in Sources */,
			);
			runOnlyForDeploymentPostprocessing = 0;
		};
/* End PBXSourcesBuildPhase section */

/* Begin PBXVariantGroup section */
		17AFEA2E285FBA700008BE0B /* Main.storyboard */ = {
			isa = PBXVariantGroup;
			children = (
				17AFEA2F285FBA700008BE0B /* Base */,
			);
			name = Main.storyboard;
			sourceTree = "<group>";
		};
		17AFEA36285FBA710008BE0B /* LaunchScreen.storyboard */ = {
			isa = PBXVariantGroup;
			children = (
				17AFEA37285FBA710008BE0B /* Base */,
			);
			name = LaunchScreen.storyboard;
			sourceTree = "<group>";
		};
/* End PBXVariantGroup section */

/* Begin XCBuildConfiguration section */
		17AFEA3A285FBA710008BE0B /* Debug */ = {
			isa = XCBuildConfiguration;
			buildSettings = {
				ALWAYS_SEARCH_USER_PATHS = NO;
				CLANG_ANALYZER_NONNULL = YES;
				CLANG_ANALYZER_NUMBER_OBJECT_CONVERSION = YES_AGGRESSIVE;
				CLANG_CXX_LANGUAGE_STANDARD = "gnu++17";
				CLANG_ENABLE_MODULES = YES;
				CLANG_ENABLE_OBJC_ARC = YES;
				CLANG_ENABLE_OBJC_WEAK = YES;
				CLANG_WARN_BLOCK_CAPTURE_AUTORELEASING = YES;
				CLANG_WARN_BOOL_CONVERSION = YES;
				CLANG_WARN_COMMA = YES;
				CLANG_WARN_CONSTANT_CONVERSION = YES;
				CLANG_WARN_DEPRECATED_OBJC_IMPLEMENTATIONS = YES;
				CLANG_WARN_DIRECT_OBJC_ISA_USAGE = YES_ERROR;
				CLANG_WARN_DOCUMENTATION_COMMENTS = YES;
				CLANG_WARN_EMPTY_BODY = YES;
				CLANG_WARN_ENUM_CONVERSION = YES;
				CLANG_WARN_INFINITE_RECURSION = YES;
				CLANG_WARN_INT_CONVERSION = YES;
				CLANG_WARN_NON_LITERAL_NULL_CONVERSION = YES;
				CLANG_WARN_OBJC_IMPLICIT_RETAIN_SELF = YES;
				CLANG_WARN_OBJC_LITERAL_CONVERSION = YES;
				CLANG_WARN_OBJC_ROOT_CLASS = YES_ERROR;
				CLANG_WARN_QUOTED_INCLUDE_IN_FRAMEWORK_HEADER = YES;
				CLANG_WARN_RANGE_LOOP_ANALYSIS = YES;
				CLANG_WARN_STRICT_PROTOTYPES = YES;
				CLANG_WARN_SUSPICIOUS_MOVE = YES;
				CLANG_WARN_UNGUARDED_AVAILABILITY = YES_AGGRESSIVE;
				CLANG_WARN_UNREACHABLE_CODE = YES;
				CLANG_WARN__DUPLICATE_METHOD_MATCH = YES;
				COPY_PHASE_STRIP = NO;
				DEBUG_INFORMATION_FORMAT = dwarf;
				ENABLE_STRICT_OBJC_MSGSEND = YES;
				ENABLE_TESTABILITY = YES;
				GCC_C_LANGUAGE_STANDARD = gnu11;
				GCC_DYNAMIC_NO_PIC = NO;
				GCC_NO_COMMON_BLOCKS = YES;
				GCC_OPTIMIZATION_LEVEL = 0;
				GCC_PREPROCESSOR_DEFINITIONS = (
					"DEBUG=1",
					"$(inherited)",
				);
				GCC_WARN_64_TO_32_BIT_CONVERSION = YES;
				GCC_WARN_ABOUT_RETURN_TYPE = YES_ERROR;
				GCC_WARN_UNDECLARED_SELECTOR = YES;
				GCC_WARN_UNINITIALIZED_AUTOS = YES_AGGRESSIVE;
				GCC_WARN_UNUSED_FUNCTION = YES;
				GCC_WARN_UNUSED_VARIABLE = YES;
				IPHONEOS_DEPLOYMENT_TARGET = 15.5;
				MTL_ENABLE_DEBUG_INFO = INCLUDE_SOURCE;
				MTL_FAST_MATH = YES;
				ONLY_ACTIVE_ARCH = YES;
				SDKROOT = iphoneos;
				SWIFT_ACTIVE_COMPILATION_CONDITIONS = DEBUG;
				SWIFT_OPTIMIZATION_LEVEL = "-Onone";
			};
			name = Debug;
		};
		17AFEA3B285FBA710008BE0B /* Release */ = {
			isa = XCBuildConfiguration;
			buildSettings = {
				ALWAYS_SEARCH_USER_PATHS = NO;
				CLANG_ANALYZER_NONNULL = YES;
				CLANG_ANALYZER_NUMBER_OBJECT_CONVERSION = YES_AGGRESSIVE;
				CLANG_CXX_LANGUAGE_STANDARD = "gnu++17";
				CLANG_ENABLE_MODULES = YES;
				CLANG_ENABLE_OBJC_ARC = YES;
				CLANG_ENABLE_OBJC_WEAK = YES;
				CLANG_WARN_BLOCK_CAPTURE_AUTORELEASING = YES;
				CLANG_WARN_BOOL_CONVERSION = YES;
				CLANG_WARN_COMMA = YES;
				CLANG_WARN_CONSTANT_CONVERSION = YES;
				CLANG_WARN_DEPRECATED_OBJC_IMPLEMENTATIONS = YES;
				CLANG_WARN_DIRECT_OBJC_ISA_USAGE = YES_ERROR;
				CLANG_WARN_DOCUMENTATION_COMMENTS = YES;
				CLANG_WARN_EMPTY_BODY = YES;
				CLANG_WARN_ENUM_CONVERSION = YES;
				CLANG_WARN_INFINITE_RECURSION = YES;
				CLANG_WARN_INT_CONVERSION = YES;
				CLANG_WARN_NON_LITERAL_NULL_CONVERSION = YES;
				CLANG_WARN_OBJC_IMPLICIT_RETAIN_SELF = YES;
				CLANG_WARN_OBJC_LITERAL_CONVERSION = YES;
				CLANG_WARN_OBJC_ROOT_CLASS = YES_ERROR;
				CLANG_WARN_QUOTED_INCLUDE_IN_FRAMEWORK_HEADER = YES;
				CLANG_WARN_RANGE_LOOP_ANALYSIS = YES;
				CLANG_WARN_STRICT_PROTOTYPES = YES;
				CLANG_WARN_SUSPICIOUS_MOVE = YES;
				CLANG_WARN_UNGUARDED_AVAILABILITY = YES_AGGRESSIVE;
				CLANG_WARN_UNREACHABLE_CODE = YES;
				CLANG_WARN__DUPLICATE_METHOD_MATCH = YES;
				COPY_PHASE_STRIP = NO;
				DEBUG_INFORMATION_FORMAT = "dwarf-with-dsym";
				ENABLE_NS_ASSERTIONS = NO;
				ENABLE_STRICT_OBJC_MSGSEND = YES;
				GCC_C_LANGUAGE_STANDARD = gnu11;
				GCC_NO_COMMON_BLOCKS = YES;
				GCC_WARN_64_TO_32_BIT_CONVERSION = YES;
				GCC_WARN_ABOUT_RETURN_TYPE = YES_ERROR;
				GCC_WARN_UNDECLARED_SELECTOR = YES;
				GCC_WARN_UNINITIALIZED_AUTOS = YES_AGGRESSIVE;
				GCC_WARN_UNUSED_FUNCTION = YES;
				GCC_WARN_UNUSED_VARIABLE = YES;
				IPHONEOS_DEPLOYMENT_TARGET = 15.5;
				MTL_ENABLE_DEBUG_INFO = NO;
				MTL_FAST_MATH = YES;
				SDKROOT = iphoneos;
				SWIFT_COMPILATION_MODE = wholemodule;
				SWIFT_OPTIMIZATION_LEVEL = "-O";
				VALIDATE_PRODUCT = YES;
			};
			name = Release;
		};
		17AFEA3D285FBA710008BE0B /* Debug */ = {
			isa = XCBuildConfiguration;
			buildSettings = {
				ASSETCATALOG_COMPILER_APPICON_NAME = AppIcon;
				ASSETCATALOG_COMPILER_GLOBAL_ACCENT_COLOR_NAME = AccentColor;
				CODE_SIGN_STYLE = Automatic;
				CURRENT_PROJECT_VERSION = 1;
				GENERATE_INFOPLIST_FILE = YES;
				INFOPLIST_FILE = MyFinalSportsApp/Info.plist;
				INFOPLIST_KEY_UIApplicationSupportsIndirectInputEvents = YES;
				INFOPLIST_KEY_UILaunchStoryboardName = LaunchScreen;
				INFOPLIST_KEY_UIMainStoryboardFile = Main;
				INFOPLIST_KEY_UISupportedInterfaceOrientations_iPad = "UIInterfaceOrientationPortrait UIInterfaceOrientationPortraitUpsideDown UIInterfaceOrientationLandscapeLeft UIInterfaceOrientationLandscapeRight";
				INFOPLIST_KEY_UISupportedInterfaceOrientations_iPhone = "UIInterfaceOrientationPortrait UIInterfaceOrientationLandscapeLeft UIInterfaceOrientationLandscapeRight";
				LD_RUNPATH_SEARCH_PATHS = (
					"$(inherited)",
					"@executable_path/Frameworks",
				);
				MARKETING_VERSION = 1.0;
				PRODUCT_BUNDLE_IDENTIFIER = Lec.MyFinalSportsApp;
				PRODUCT_NAME = "$(TARGET_NAME)";
				SWIFT_EMIT_LOC_STRINGS = YES;
				SWIFT_VERSION = 5.0;
				TARGETED_DEVICE_FAMILY = "1,2";
			};
			name = Debug;
		};
		17AFEA3E285FBA710008BE0B /* Release */ = {
			isa = XCBuildConfiguration;
			buildSettings = {
				ASSETCATALOG_COMPILER_APPICON_NAME = AppIcon;
				ASSETCATALOG_COMPILER_GLOBAL_ACCENT_COLOR_NAME = AccentColor;
				CODE_SIGN_STYLE = Automatic;
				CURRENT_PROJECT_VERSION = 1;
				GENERATE_INFOPLIST_FILE = YES;
				INFOPLIST_FILE = MyFinalSportsApp/Info.plist;
				INFOPLIST_KEY_UIApplicationSupportsIndirectInputEvents = YES;
				INFOPLIST_KEY_UILaunchStoryboardName = LaunchScreen;
				INFOPLIST_KEY_UIMainStoryboardFile = Main;
				INFOPLIST_KEY_UISupportedInterfaceOrientations_iPad = "UIInterfaceOrientationPortrait UIInterfaceOrientationPortraitUpsideDown UIInterfaceOrientationLandscapeLeft UIInterfaceOrientationLandscapeRight";
				INFOPLIST_KEY_UISupportedInterfaceOrientations_iPhone = "UIInterfaceOrientationPortrait UIInterfaceOrientationLandscapeLeft UIInterfaceOrientationLandscapeRight";
				LD_RUNPATH_SEARCH_PATHS = (
					"$(inherited)",
					"@executable_path/Frameworks",
				);
				MARKETING_VERSION = 1.0;
				PRODUCT_BUNDLE_IDENTIFIER = Lec.MyFinalSportsApp;
				PRODUCT_NAME = "$(TARGET_NAME)";
				SWIFT_EMIT_LOC_STRINGS = YES;
				SWIFT_VERSION = 5.0;
				TARGETED_DEVICE_FAMILY = "1,2";
			};
			name = Release;
		};
/* End XCBuildConfiguration section */

/* Begin XCConfigurationList section */
		17AFEA20285FBA700008BE0B /* Build configuration list for PBXProject "MyFinalSportsApp" */ = {
			isa = XCConfigurationList;
			buildConfigurations = (
				17AFEA3A285FBA710008BE0B /* Debug */,
				17AFEA3B285FBA710008BE0B /* Release */,
			);
			defaultConfigurationIsVisible = 0;
			defaultConfigurationName = Release;
		};
		17AFEA3C285FBA710008BE0B /* Build configuration list for PBXNativeTarget "MyFinalSportsApp" */ = {
			isa = XCConfigurationList;
			buildConfigurations = (
				17AFEA3D285FBA710008BE0B /* Debug */,
				17AFEA3E285FBA710008BE0B /* Release */,
			);
			defaultConfigurationIsVisible = 0;
			defaultConfigurationName = Release;
		};
/* End XCConfigurationList section */

/* Begin XCVersionGroup section */
		17AFEA31285FBA700008BE0B /* MyFinalSportsApp.xcdatamodeld */ = {
			isa = XCVersionGroup;
			children = (
				17AFEA32285FBA700008BE0B /* MyFinalSportsApp.xcdatamodel */,
			);
			currentVersion = 17AFEA32285FBA700008BE0B /* MyFinalSportsApp.xcdatamodel */;
			path = MyFinalSportsApp.xcdatamodeld;
			sourceTree = "<group>";
			versionGroupType = wrapper.xcdatamodel;
		};
/* End XCVersionGroup section */
	};
	rootObject = 17AFEA1D285FBA700008BE0B /* Project object */;
}
